
Microsoft Visual Studio Solution File, Format Version 12.00
# Visual Studio 15
VisualStudioVersion = 15.0.28307.572
MinimumVisualStudioVersion = 10.0.40219.1
Project("{FAE04EC0-301F-11D3-BF4B-00C04F79EFBC}") = "VakiBeadando", "VakiBeadando\VakiBeadando.csproj", "{0467F520-AAE9-4A75-862B-86246A3FD641}"
EndProject
Global
	GlobalSection(SolutionConfigurationPlatforms) = preSolution
		Debug|Any CPU = Debug|Any CPU
		Release|Any CPU = Release|Any CPU
	EndGlobalSection
	GlobalSection(ProjectConfigurationPlatforms) = postSolution
		{0467F520-AAE9-4A75-862B-86246A3FD641}.Debug|Any CPU.ActiveCfg = Debug|Any CPU
		{0467F520-AAE9-4A75-862B-86246A3FD641}.Debug|Any CPU.Build.0 = Debug|Any CPU
		{0467F520-AAE9-4A75-862B-86246A3FD641}.Release|Any CPU.ActiveCfg = Release|Any CPU
		{0467F520-AAE9-4A75-862B-86246A3FD641}.Release|Any CPU.Build.0 = Release|Any CPU
	EndGlobalSection
	GlobalSection(SolutionProperties) = preSolution
		HideSolutionNode = FALSE
	EndGlobalSection
	GlobalSection(ExtensibilityGlobals) = postSolution
		SolutionGuid = {0465EEE9-9E78-462F-9BD4-F6B733140132}
	EndGlobalSection
EndGlobal
